{
  "version": "5",
  "specifiers": {
    "jsr:@std/fs@^1.0.22": "1.0.22",
    "jsr:@std/internal@^1.0.12": "1.0.12",
    "jsr:@std/path@^1.1.4": "1.1.4",
    "npm:@types/node@*": "24.2.0",
    "npm:langfuse@^3.38.6": "3.38.6",
    "npm:nanoid@^5.1.6": "5.1.6",
    "npm:tiktoken@^1.0.22": "1.0.22"
  },
  "jsr": {
    "@std/fs@1.0.22": {
      "integrity": "de0f277a58a867147a8a01bc1b181d0dfa80bfddba8c9cf2bacd6747bcec9308",
      "dependencies": [
        "jsr:@std/internal",
        "jsr:@std/path"
      ]
    },
    "@std/internal@1.0.10": {
      "integrity": "e3be62ce42cab0e177c27698e5d9800122f67b766a0bea6ca4867886cbde8cf7"
    },
    "@std/internal@1.0.12": {
      "integrity": "972a634fd5bc34b242024402972cd5143eac68d8dffaca5eaa4dba30ce17b027"
    },
    "@std/path@1.1.4": {
      "integrity": "1d2d43f39efb1b42f0b1882a25486647cb851481862dc7313390b2bb044314b5",
      "dependencies": [
        "jsr:@std/internal"
      ]
    }
  },
  "npm": {
    "@types/node@24.2.0": {
      "integrity": "sha512-3xyG3pMCq3oYCNg7/ZP+E1ooTaGB4cG8JWRsqqOYQdbWNY4zbaV0Ennrd7stjiJEFZCaybcIgpTjJWHRfBSIDw==",
      "dependencies": [
        "undici-types"
      ]
    },
    "langfuse-core@3.38.6": {
      "integrity": "sha512-EcZXa+DK9FJdi1I30+u19eKjuBJ04du6j2Nybk19KKCuraLczg/ppkTQcGvc4QOk//OAi3qUHrajUuV74RXsBQ==",
      "dependencies": [
        "mustache"
      ]
    },
    "langfuse@3.38.6": {
      "integrity": "sha512-mtwfsNGIYvObRh+NYNGlJQJDiBN+Wr3Hnr++wN25mxuOpSTdXX+JQqVCyAqGL5GD2TAXRZ7COsN42Vmp9krYmg==",
      "dependencies": [
        "langfuse-core"
      ]
    },
    "mustache@4.2.0": {
      "integrity": "sha512-71ippSywq5Yb7/tVYyGbkBggbU8H3u5Rz56fH60jGFgr8uHwxs+aSKeqmluIVzM0m0kB7xQjKS6qPfd0b2ZoqQ==",
      "bin": true
    },
    "nanoid@5.1.6": {
      "integrity": "sha512-c7+7RQ+dMB5dPwwCp4ee1/iV/q2P6aK1mTZcfr1BTuVlyW9hJYiMPybJCcnBlQtuSmTIWNeazm/zqNoZSSElBg==",
      "bin": true
    },
    "tiktoken@1.0.22": {
      "integrity": "sha512-PKvy1rVF1RibfF3JlXBSP0Jrcw2uq3yXdgcEXtKTYn3QJ/cBRBHDnrJ5jHky+MENZ6DIPwNUGWpkVx+7joCpNA=="
    },
    "undici-types@7.10.0": {
      "integrity": "sha512-t5Fy/nfn+14LuOc2KNYg75vZqClpAiqscVvMygNnlsHBFpSXdJaYtXMcdNLpl/Qvc3P2cB3s6lOV51nqsFq4ag=="
    }
  },
  "workspace": {
    "dependencies": [
      "jsr:@std/fs@^1.0.22",
      "jsr:@std/path@^1.1.4",
      "npm:langfuse@^3.38.6",
      "npm:nanoid@^5.1.6",
      "npm:tiktoken@^1.0.22"
    ]
  }
}
